// !$*UTF8*$!
{
	archiveVersion = 1;
	classes = {
	};
	objectVersion = 56;
	objects = {

/* Begin PBXBuildFile section */
		43618CA82977D22C003A2016 /* ChallengeRing.swift in Sources */ = {isa = PBXBuildFile; fileRef = 43618CA72977D22C003A2016 /* ChallengeRing.swift */; };
		43618CB02977E03C003A2016 /* Steps.swift in Sources */ = {isa = PBXBuildFile; fileRef = 43618CAF2977E03C003A2016 /* Steps.swift */; };
		43C6F5CE29769FC600609F16 /* DetailView.swift in Sources */ = {isa = PBXBuildFile; fileRef = 43C6F5CD29769FC600609F16 /* DetailView.swift */; };
		43C6F5D029769FEF00609F16 /* ChallengeView.swift in Sources */ = {isa = PBXBuildFile; fileRef = 43C6F5CF29769FEF00609F16 /* ChallengeView.swift */; };
		43C6F5D52976C96900609F16 /* TimeSeriesOverview.swift in Sources */ = {isa = PBXBuildFile; fileRef = 43C6F5D42976C96900609F16 /* TimeSeriesOverview.swift */; };
		43C6F5D92976D17F00609F16 /* DataDummy.swift in Sources */ = {isa = PBXBuildFile; fileRef = 43C6F5D82976D17F00609F16 /* DataDummy.swift */; };
		43FE6A702972DF8B00C7D861 /* HealthTrackerApp.swift in Sources */ = {isa = PBXBuildFile; fileRef = 43FE6A6F2972DF8B00C7D861 /* HealthTrackerApp.swift */; };
		43FE6A722972DF8B00C7D861 /* ContentView.swift in Sources */ = {isa = PBXBuildFile; fileRef = 43FE6A712972DF8B00C7D861 /* ContentView.swift */; };
		43FE6A742972DF8C00C7D861 /* Assets.xcassets in Resources */ = {isa = PBXBuildFile; fileRef = 43FE6A732972DF8C00C7D861 /* Assets.xcassets */; };
		43FE6A772972DF8C00C7D861 /* Preview Assets.xcassets in Resources */ = {isa = PBXBuildFile; fileRef = 43FE6A762972DF8C00C7D861 /* Preview Assets.xcassets */; };
/* End PBXBuildFile section */

/* Begin PBXContainerItemProxy section */
		43FE6A7D2972DF8C00C7D861 /* PBXContainerItemProxy */ = {
			isa = PBXContainerItemProxy;
			containerPortal = 43FE6A642972DF8B00C7D861 /* Project object */;
			proxyType = 1;
			remoteGlobalIDString = 43FE6A6B2972DF8B00C7D861;
			remoteInfo = HealthTracker;
		};
		43FE6A872972DF8C00C7D861 /* PBXContainerItemProxy */ = {
			isa = PBXContainerItemProxy;
			containerPortal = 43FE6A642972DF8B00C7D861 /* Project object */;
			proxyType = 1;
			remoteGlobalIDString = 43FE6A6B2972DF8B00C7D861;
			remoteInfo = HealthTracker;
		};
/* End PBXContainerItemProxy section */

/* Begin PBXFileReference section */
		43618CA72977D22C003A2016 /* ChallengeRing.swift */ = {isa = PBXFileReference; lastKnownFileType = sourcecode.swift; path = ChallengeRing.swift; sourceTree = "<group>"; };
		43618CAF2977E03C003A2016 /* Steps.swift */ = {isa = PBXFileReference; lastKnownFileType = sourcecode.swift; path = Steps.swift; sourceTree = "<group>"; };
		43C6F5CD29769FC600609F16 /* DetailView.swift */ = {isa = PBXFileReference; lastKnownFileType = sourcecode.swift; path = DetailView.swift; sourceTree = "<group>"; };
		43C6F5CF29769FEF00609F16 /* ChallengeView.swift */ = {isa = PBXFileReference; lastKnownFileType = sourcecode.swift; path = ChallengeView.swift; sourceTree = "<group>"; };
		43C6F5D42976C96900609F16 /* TimeSeriesOverview.swift */ = {isa = PBXFileReference; lastKnownFileType = sourcecode.swift; path = TimeSeriesOverview.swift; sourceTree = "<group>"; };
		43C6F5D82976D17F00609F16 /* DataDummy.swift */ = {isa = PBXFileReference; lastKnownFileType = sourcecode.swift; path = DataDummy.swift; sourceTree = "<group>"; };
		43FE6A6C2972DF8B00C7D861 /* HealthTracker.app */ = {isa = PBXFileReference; explicitFileType = wrapper.application; includeInIndex = 0; path = HealthTracker.app; sourceTree = BUILT_PRODUCTS_DIR; };
		43FE6A6F2972DF8B00C7D861 /* HealthTrackerApp.swift */ = {isa = PBXFileReference; lastKnownFileType = sourcecode.swift; path = HealthTrackerApp.swift; sourceTree = "<group>"; };
		43FE6A712972DF8B00C7D861 /* ContentView.swift */ = {isa = PBXFileReference; lastKnownFileType = sourcecode.swift; path = ContentView.swift; sourceTree = "<group>"; };
		43FE6A732972DF8C00C7D861 /* Assets.xcassets */ = {isa = PBXFileReference; lastKnownFileType = folder.assetcatalog; path = Assets.xcassets; sourceTree = "<group>"; };
		43FE6A762972DF8C00C7D861 /* Preview Assets.xcassets */ = {isa = PBXFileReference; lastKnownFileType = folder.assetcatalog; path = "Preview Assets.xcassets"; sourceTree = "<group>"; };
		43FE6A7C2972DF8C00C7D861 /* HealthTrackerTests.xctest */ = {isa = PBXFileReference; explicitFileType = wrapper.cfbundle; includeInIndex = 0; path = HealthTrackerTests.xctest; sourceTree = BUILT_PRODUCTS_DIR; };
		43FE6A862972DF8C00C7D861 /* HealthTrackerUITests.xctest */ = {isa = PBXFileReference; explicitFileType = wrapper.cfbundle; includeInIndex = 0; path = HealthTrackerUITests.xctest; sourceTree = BUILT_PRODUCTS_DIR; };
/* End PBXFileReference section */

/* Begin PBXFrameworksBuildPhase section */
		43FE6A692972DF8B00C7D861 /* Frameworks */ = {
			isa = PBXFrameworksBuildPhase;
			buildActionMask = 2147483647;
			files = (
			);
			runOnlyForDeploymentPostprocessing = 0;
		};
		43FE6A792972DF8C00C7D861 /* Frameworks */ = {
			isa = PBXFrameworksBuildPhase;
			buildActionMask = 2147483647;
			files = (
			);
			runOnlyForDeploymentPostprocessing = 0;
		};
		43FE6A832972DF8C00C7D861 /* Frameworks */ = {
			isa = PBXFrameworksBuildPhase;
			buildActionMask = 2147483647;
			files = (
			);
			runOnlyForDeploymentPostprocessing = 0;
		};
/* End PBXFrameworksBuildPhase section */

/* Begin PBXGroup section */
		43618CA92977DEFB003A2016 /* Model */ = {
			isa = PBXGroup;
			children = (
				43618CAF2977E03C003A2016 /* Steps.swift */,
			);
			path = Model;
			sourceTree = "<group>";
		};
		43618CAA2977DF25003A2016 /* Util */ = {
			isa = PBXGroup;
			children = (
				43C6F5D82976D17F00609F16 /* DataDummy.swift */,
			);
			path = Util;
			sourceTree = "<group>";
		};
		43C6F5D12976C8BE00609F16 /* Charts */ = {
			isa = PBXGroup;
			children = (
				43C6F5D42976C96900609F16 /* TimeSeriesOverview.swift */,
				43618CA72977D22C003A2016 /* ChallengeRing.swift */,
			);
			path = Charts;
			sourceTree = "<group>";
		};
		43FE6A632972DF8B00C7D861 = {
			isa = PBXGroup;
			children = (
				43FE6A6E2972DF8B00C7D861 /* HealthTracker */,
				43FE6A6D2972DF8B00C7D861 /* Products */,
			);
			sourceTree = "<group>";
		};
		43FE6A6D2972DF8B00C7D861 /* Products */ = {
			isa = PBXGroup;
			children = (
				43FE6A6C2972DF8B00C7D861 /* HealthTracker.app */,
				43FE6A7C2972DF8C00C7D861 /* HealthTrackerTests.xctest */,
				43FE6A862972DF8C00C7D861 /* HealthTrackerUITests.xctest */,
			);
			name = Products;
			sourceTree = "<group>";
		};
		43FE6A6E2972DF8B00C7D861 /* HealthTracker */ = {
			isa = PBXGroup;
			children = (
				43618CAA2977DF25003A2016 /* Util */,
				43618CA92977DEFB003A2016 /* Model */,
				43C6F5D12976C8BE00609F16 /* Charts */,
				43FE6A6F2972DF8B00C7D861 /* HealthTrackerApp.swift */,
				43C6F5CF29769FEF00609F16 /* ChallengeView.swift */,
				43FE6A712972DF8B00C7D861 /* ContentView.swift */,
				43C6F5CD29769FC600609F16 /* DetailView.swift */,
				43FE6A732972DF8C00C7D861 /* Assets.xcassets */,
				43FE6A752972DF8C00C7D861 /* Preview Content */,
			);
			path = HealthTracker;
			sourceTree = "<group>";
		};
		43FE6A752972DF8C00C7D861 /* Preview Content */ = {
			isa = PBXGroup;
			children = (
				43FE6A762972DF8C00C7D861 /* Preview Assets.xcassets */,
			);
			path = "Preview Content";
			sourceTree = "<group>";
		};
/* End PBXGroup section */

/* Begin PBXNativeTarget section */
		43FE6A6B2972DF8B00C7D861 /* HealthTracker */ = {
			isa = PBXNativeTarget;
			buildConfigurationList = 43FE6A902972DF8C00C7D861 /* Build configuration list for PBXNativeTarget "HealthTracker" */;
			buildPhases = (
				43FE6A682972DF8B00C7D861 /* Sources */,
				43FE6A692972DF8B00C7D861 /* Frameworks */,
				43FE6A6A2972DF8B00C7D861 /* Resources */,
			);
			buildRules = (
			);
			dependencies = (
			);
			name = HealthTracker;
			productName = HealthTracker;
			productReference = 43FE6A6C2972DF8B00C7D861 /* HealthTracker.app */;
			productType = "com.apple.product-type.application";
		};
		43FE6A7B2972DF8C00C7D861 /* HealthTrackerTests */ = {
			isa = PBXNativeTarget;
			buildConfigurationList = 43FE6A932972DF8C00C7D861 /* Build configuration list for PBXNativeTarget "HealthTrackerTests" */;
			buildPhases = (
				43FE6A782972DF8C00C7D861 /* Sources */,
				43FE6A792972DF8C00C7D861 /* Frameworks */,
				43FE6A7A2972DF8C00C7D861 /* Resources */,
			);
			buildRules = (
			);
			dependencies = (
				43FE6A7E2972DF8C00C7D861 /* PBXTargetDependency */,
			);
			name = HealthTrackerTests;
			productName = HealthTrackerTests;
			productReference = 43FE6A7C2972DF8C00C7D861 /* HealthTrackerTests.xctest */;
			productType = "com.apple.product-type.bundle.unit-test";
		};
		43FE6A852972DF8C00C7D861 /* HealthTrackerUITests */ = {
			isa = PBXNativeTarget;
			buildConfigurationList = 43FE6A962972DF8C00C7D861 /* Build configuration list for PBXNativeTarget "HealthTrackerUITests" */;
			buildPhases = (
				43FE6A822972DF8C00C7D861 /* Sources */,
				43FE6A832972DF8C00C7D861 /* Frameworks */,
				43FE6A842972DF8C00C7D861 /* Resources */,
			);
			buildRules = (
			);
			dependencies = (
				43FE6A882972DF8C00C7D861 /* PBXTargetDependency */,
			);
			name = HealthTrackerUITests;
			productName = HealthTrackerUITests;
			productReference = 43FE6A862972DF8C00C7D861 /* HealthTrackerUITests.xctest */;
			productType = "com.apple.product-type.bundle.ui-testing";
		};
/* End PBXNativeTarget section */

/* Begin PBXProject section */
		43FE6A642972DF8B00C7D861 /* Project object */ = {
			isa = PBXProject;
			attributes = {
				BuildIndependentTargetsInParallel = 1;
				LastSwiftUpdateCheck = 1420;
				LastUpgradeCheck = 1420;
				TargetAttributes = {
					43FE6A6B2972DF8B00C7D861 = {
						CreatedOnToolsVersion = 14.2;
					};
					43FE6A7B2972DF8C00C7D861 = {
						CreatedOnToolsVersion = 14.2;
						TestTargetID = 43FE6A6B2972DF8B00C7D861;
					};
					43FE6A852972DF8C00C7D861 = {
						CreatedOnToolsVersion = 14.2;
						TestTargetID = 43FE6A6B2972DF8B00C7D861;
					};
				};
			};
			buildConfigurationList = 43FE6A672972DF8B00C7D861 /* Build configuration list for PBXProject "HealthTracker" */;
			compatibilityVersion = "Xcode 14.0";
			developmentRegion = en;
			hasScannedForEncodings = 0;
			knownRegions = (
				en,
				Base,
			);
			mainGroup = 43FE6A632972DF8B00C7D861;
			productRefGroup = 43FE6A6D2972DF8B00C7D861 /* Products */;
			projectDirPath = "";
			projectRoot = "";
			targets = (
				43FE6A6B2972DF8B00C7D861 /* HealthTracker */,
				43FE6A7B2972DF8C00C7D861 /* HealthTrackerTests */,
				43FE6A852972DF8C00C7D861 /* HealthTrackerUITests */,
			);
		};
/* End PBXProject section */

/* Begin PBXResourcesBuildPhase section */
		43FE6A6A2972DF8B00C7D861 /* Resources */ = {
			isa = PBXResourcesBuildPhase;
			buildActionMask = 2147483647;
			files = (
				43FE6A772972DF8C00C7D861 /* Preview Assets.xcassets in Resources */,
				43FE6A742972DF8C00C7D861 /* Assets.xcassets in Resources */,
			);
			runOnlyForDeploymentPostprocessing = 0;
		};
		43FE6A7A2972DF8C00C7D861 /* Resources */ = {
			isa = PBXResourcesBuildPhase;
			buildActionMask = 2147483647;
			files = (
			);
			runOnlyForDeploymentPostprocessing = 0;
		};
		43FE6A842972DF8C00C7D861 /* Resources */ = {
			isa = PBXResourcesBuildPhase;
			buildActionMask = 2147483647;
			files = (
			);
			runOnlyForDeploymentPostprocessing = 0;
		};
/* End PBXResourcesBuildPhase section */

/* Begin PBXSourcesBuildPhase section */
		43FE6A682972DF8B00C7D861 /* Sources */ = {
			isa = PBXSourcesBuildPhase;
			buildActionMask = 2147483647;
			files = (
				43C6F5D92976D17F00609F16 /* DataDummy.swift in Sources */,
				43C6F5D52976C96900609F16 /* TimeSeriesOverview.swift in Sources */,
				43C6F5D029769FEF00609F16 /* ChallengeView.swift in Sources */,
				43FE6A722972DF8B00C7D861 /* ContentView.swift in Sources */,
				43C6F5CE29769FC600609F16 /* DetailView.swift in Sources */,
				43618CB02977E03C003A2016 /* Steps.swift in Sources */,
				43618CA82977D22C003A2016 /* ChallengeRing.swift in Sources */,
				43FE6A702972DF8B00C7D861 /* HealthTrackerApp.swift in Sources */,
			);
			runOnlyForDeploymentPostprocessing = 0;
		};
		43FE6A782972DF8C00C7D861 /* Sources */ = {
			isa = PBXSourcesBuildPhase;
			buildActionMask = 2147483647;
			files = (
			);
			runOnlyForDeploymentPostprocessing = 0;
		};
		43FE6A822972DF8C00C7D861 /* Sources */ = {
			isa = PBXSourcesBuildPhase;
			buildActionMask = 2147483647;
			files = (
			);
			runOnlyForDeploymentPostprocessing = 0;
		};
/* End PBXSourcesBuildPhase section */

/* Begin PBXTargetDependency section */
		43FE6A7E2972DF8C00C7D861 /* PBXTargetDependency */ = {
			isa = PBXTargetDependency;
			target = 43FE6A6B2972DF8B00C7D861 /* HealthTracker */;
			targetProxy = 43FE6A7D2972DF8C00C7D861 /* PBXContainerItemProxy */;
		};
		43FE6A882972DF8C00C7D861 /* PBXTargetDependency */ = {
			isa = PBXTargetDependency;
			target = 43FE6A6B2972DF8B00C7D861 /* HealthTracker */;
			targetProxy = 43FE6A872972DF8C00C7D861 /* PBXContainerItemProxy */;
		};
/* End PBXTargetDependency section */

/* Begin XCBuildConfiguration section */
		43FE6A8E2972DF8C00C7D861 /* Debug */ = {
			isa = XCBuildConfiguration;
			buildSettings = {
				ALWAYS_SEARCH_USER_PATHS = NO;
				CLANG_ANALYZER_NONNULL = YES;
				CLANG_ANALYZER_NUMBER_OBJECT_CONVERSION = YES_AGGRESSIVE;
				CLANG_CXX_LANGUAGE_STANDARD = "gnu++20";
				CLANG_ENABLE_MODULES = YES;
				CLANG_ENABLE_OBJC_ARC = YES;
				CLANG_ENABLE_OBJC_WEAK = YES;
				CLANG_WARN_BLOCK_CAPTURE_AUTORELEASING = YES;
				CLANG_WARN_BOOL_CONVERSION = YES;
				CLANG_WARN_COMMA = YES;
				CLANG_WARN_CONSTANT_CONVERSION = YES;
				CLANG_WARN_DEPRECATED_OBJC_IMPLEMENTATIONS = YES;
				CLANG_WARN_DIRECT_OBJC_ISA_USAGE = YES_ERROR;
				CLANG_WARN_DOCUMENTATION_COMMENTS = YES;
				CLANG_WARN_EMPTY_BODY = YES;
				CLANG_WARN_ENUM_CONVERSION = YES;
				CLANG_WARN_INFINITE_RECURSION = YES;
				CLANG_WARN_INT_CONVERSION = YES;
				CLANG_WARN_NON_LITERAL_NULL_CONVERSION = YES;
				CLANG_WARN_OBJC_IMPLICIT_RETAIN_SELF = YES;
				CLANG_WARN_OBJC_LITERAL_CONVERSION = YES;
				CLANG_WARN_OBJC_ROOT_CLASS = YES_ERROR;
				CLANG_WARN_QUOTED_INCLUDE_IN_FRAMEWORK_HEADER = YES;
				CLANG_WARN_RANGE_LOOP_ANALYSIS = YES;
				CLANG_WARN_STRICT_PROTOTYPES = YES;
				CLANG_WARN_SUSPICIOUS_MOVE = YES;
				CLANG_WARN_UNGUARDED_AVAILABILITY = YES_AGGRESSIVE;
				CLANG_WARN_UNREACHABLE_CODE = YES;
				CLANG_WARN__DUPLICATE_METHOD_MATCH = YES;
				COPY_PHASE_STRIP = NO;
				DEBUG_INFORMATION_FORMAT = dwarf;
				ENABLE_STRICT_OBJC_MSGSEND = YES;
				ENABLE_TESTABILITY = YES;
				GCC_C_LANGUAGE_STANDARD = gnu11;
				GCC_DYNAMIC_NO_PIC = NO;
				GCC_NO_COMMON_BLOCKS = YES;
				GCC_OPTIMIZATION_LEVEL = 0;
				GCC_PREPROCESSOR_DEFINITIONS = (
					"DEBUG=1",
					"$(inherited)",
				);
				GCC_WARN_64_TO_32_BIT_CONVERSION = YES;
				GCC_WARN_ABOUT_RETURN_TYPE = YES_ERROR;
				GCC_WARN_UNDECLARED_SELECTOR = YES;
				GCC_WARN_UNINITIALIZED_AUTOS = YES_AGGRESSIVE;
				GCC_WARN_UNUSED_FUNCTION = YES;
				GCC_WARN_UNUSED_VARIABLE = YES;
				IPHONEOS_DEPLOYMENT_TARGET = 16.2;
				MTL_ENABLE_DEBUG_INFO = INCLUDE_SOURCE;
				MTL_FAST_MATH = YES;
				ONLY_ACTIVE_ARCH = YES;
				SDKROOT = iphoneos;
				SWIFT_ACTIVE_COMPILATION_CONDITIONS = DEBUG;
				SWIFT_OPTIMIZATION_LEVEL = "-Onone";
			};
			name = Debug;
		};
		43FE6A8F2972DF8C00C7D861 /* Release */ = {
			isa = XCBuildConfiguration;
			buildSettings = {
				ALWAYS_SEARCH_USER_PATHS = NO;
				CLANG_ANALYZER_NONNULL = YES;
				CLANG_ANALYZER_NUMBER_OBJECT_CONVERSION = YES_AGGRESSIVE;
				CLANG_CXX_LANGUAGE_STANDARD = "gnu++20";
				CLANG_ENABLE_MODULES = YES;
				CLANG_ENABLE_OBJC_ARC = YES;
				CLANG_ENABLE_OBJC_WEAK = YES;
				CLANG_WARN_BLOCK_CAPTURE_AUTORELEASING = YES;
				CLANG_WARN_BOOL_CONVERSION = YES;
				CLANG_WARN_COMMA = YES;
				CLANG_WARN_CONSTANT_CONVERSION = YES;
				CLANG_WARN_DEPRECATED_OBJC_IMPLEMENTATIONS = YES;
				CLANG_WARN_DIRECT_OBJC_ISA_USAGE = YES_ERROR;
				CLANG_WARN_DOCUMENTATION_COMMENTS = YES;
				CLANG_WARN_EMPTY_BODY = YES;
				CLANG_WARN_ENUM_CONVERSION = YES;
				CLANG_WARN_INFINITE_RECURSION = YES;
				CLANG_WARN_INT_CONVERSION = YES;
				CLANG_WARN_NON_LITERAL_NULL_CONVERSION = YES;
				CLANG_WARN_OBJC_IMPLICIT_RETAIN_SELF = YES;
				CLANG_WARN_OBJC_LITERAL_CONVERSION = YES;
				CLANG_WARN_OBJC_ROOT_CLASS = YES_ERROR;
				CLANG_WARN_QUOTED_INCLUDE_IN_FRAMEWORK_HEADER = YES;
				CLANG_WARN_RANGE_LOOP_ANALYSIS = YES;
				CLANG_WARN_STRICT_PROTOTYPES = YES;
				CLANG_WARN_SUSPICIOUS_MOVE = YES;
				CLANG_WARN_UNGUARDED_AVAILABILITY = YES_AGGRESSIVE;
				CLANG_WARN_UNREACHABLE_CODE = YES;
				CLANG_WARN__DUPLICATE_METHOD_MATCH = YES;
				COPY_PHASE_STRIP = NO;
				DEBUG_INFORMATION_FORMAT = "dwarf-with-dsym";
				ENABLE_NS_ASSERTIONS = NO;
				ENABLE_STRICT_OBJC_MSGSEND = YES;
				GCC_C_LANGUAGE_STANDARD = gnu11;
				GCC_NO_COMMON_BLOCKS = YES;
				GCC_WARN_64_TO_32_BIT_CONVERSION = YES;
				GCC_WARN_ABOUT_RETURN_TYPE = YES_ERROR;
				GCC_WARN_UNDECLARED_SELECTOR = YES;
				GCC_WARN_UNINITIALIZED_AUTOS = YES_AGGRESSIVE;
				GCC_WARN_UNUSED_FUNCTION = YES;
				GCC_WARN_UNUSED_VARIABLE = YES;
				IPHONEOS_DEPLOYMENT_TARGET = 16.2;
				MTL_ENABLE_DEBUG_INFO = NO;
				MTL_FAST_MATH = YES;
				SDKROOT = iphoneos;
				SWIFT_COMPILATION_MODE = wholemodule;
				SWIFT_OPTIMIZATION_LEVEL = "-O";
				VALIDATE_PRODUCT = YES;
			};
			name = Release;
		};
		43FE6A912972DF8C00C7D861 /* Debug */ = {
			isa = XCBuildConfiguration;
			buildSettings = {
				ASSETCATALOG_COMPILER_APPICON_NAME = AppIcon;
				ASSETCATALOG_COMPILER_GLOBAL_ACCENT_COLOR_NAME = AccentColor;
				CODE_SIGN_STYLE = Automatic;
				CURRENT_PROJECT_VERSION = 1;
				DEVELOPMENT_ASSET_PATHS = "\"HealthTracker/Preview Content\"";
				DEVELOPMENT_TEAM = H26FYZ7CJ8;
				ENABLE_PREVIEWS = YES;
				GENERATE_INFOPLIST_FILE = YES;
				INFOPLIST_KEY_UIApplicationSceneManifest_Generation = YES;
				INFOPLIST_KEY_UIApplicationSupportsIndirectInputEvents = YES;
				INFOPLIST_KEY_UILaunchScreen_Generation = YES;
				INFOPLIST_KEY_UISupportedInterfaceOrientations_iPad = "UIInterfaceOrientationPortrait UIInterfaceOrientationPortraitUpsideDown UIInterfaceOrientationLandscapeLeft UIInterfaceOrientationLandscapeRight";
				INFOPLIST_KEY_UISupportedInterfaceOrientations_iPhone = "UIInterfaceOrientationPortrait UIInterfaceOrientationLandscapeLeft UIInterfaceOrientationLandscapeRight";
				LD_RUNPATH_SEARCH_PATHS = (
					"$(inherited)",
					"@executable_path/Frameworks",
				);
				MARKETING_VERSION = 1.0;
				PRODUCT_BUNDLE_IDENTIFIER = IU.HealthTracker;
				PRODUCT_NAME = "$(TARGET_NAME)";
				SWIFT_EMIT_LOC_STRINGS = YES;
				SWIFT_VERSION = 5.0;
				TARGETED_DEVICE_FAMILY = "1,2";
			};
			name = Debug;
		};
		43FE6A922972DF8C00C7D861 /* Release */ = {
			isa = XCBuildConfiguration;
			buildSettings = {
				ASSETCATALOG_COMPILER_APPICON_NAME = AppIcon;
				ASSETCATALOG_COMPILER_GLOBAL_ACCENT_COLOR_NAME = AccentColor;
				CODE_SIGN_STYLE = Automatic;
				CURRENT_PROJECT_VERSION = 1;
				DEVELOPMENT_ASSET_PATHS = "\"HealthTracker/Preview Content\"";
				DEVELOPMENT_TEAM = H26FYZ7CJ8;
				ENABLE_PREVIEWS = YES;
				GENERATE_INFOPLIST_FILE = YES;
				INFOPLIST_KEY_UIApplicationSceneManifest_Generation = YES;
				INFOPLIST_KEY_UIApplicationSupportsIndirectInputEvents = YES;
				INFOPLIST_KEY_UILaunchScreen_Generation = YES;
				INFOPLIST_KEY_UISupportedInterfaceOrientations_iPad = "UIInterfaceOrientationPortrait UIInterfaceOrientationPortraitUpsideDown UIInterfaceOrientationLandscapeLeft UIInterfaceOrientationLandscapeRight";
				INFOPLIST_KEY_UISupportedInterfaceOrientations_iPhone = "UIInterfaceOrientationPortrait UIInterfaceOrientationLandscapeLeft UIInterfaceOrientationLandscapeRight";
				LD_RUNPATH_SEARCH_PATHS = (
					"$(inherited)",
					"@executable_path/Frameworks",
				);
				MARKETING_VERSION = 1.0;
				PRODUCT_BUNDLE_IDENTIFIER = IU.HealthTracker;
				PRODUCT_NAME = "$(TARGET_NAME)";
				SWIFT_EMIT_LOC_STRINGS = YES;
				SWIFT_VERSION = 5.0;
				TARGETED_DEVICE_FAMILY = "1,2";
			};
			name = Release;
		};
		43FE6A942972DF8C00C7D861 /* Debug */ = {
			isa = XCBuildConfiguration;
			buildSettings = {
				ALWAYS_EMBED_SWIFT_STANDARD_LIBRARIES = YES;
				BUNDLE_LOADER = "$(TEST_HOST)";
				CODE_SIGN_STYLE = Automatic;
				CURRENT_PROJECT_VERSION = 1;
				DEVELOPMENT_TEAM = H26FYZ7CJ8;
				GENERATE_INFOPLIST_FILE = YES;
				IPHONEOS_DEPLOYMENT_TARGET = 16.2;
				MARKETING_VERSION = 1.0;
				PRODUCT_BUNDLE_IDENTIFIER = IU.HealthTrackerTests;
				PRODUCT_NAME = "$(TARGET_NAME)";
				SWIFT_EMIT_LOC_STRINGS = NO;
				SWIFT_VERSION = 5.0;
				TARGETED_DEVICE_FAMILY = "1,2";
				TEST_HOST = "$(BUILT_PRODUCTS_DIR)/HealthTracker.app/$(BUNDLE_EXECUTABLE_FOLDER_PATH)/HealthTracker";
			};
			name = Debug;
		};
		43FE6A952972DF8C00C7D861 /* Release */ = {
			isa = XCBuildConfiguration;
			buildSettings = {
				ALWAYS_EMBED_SWIFT_STANDARD_LIBRARIES = YES;
				BUNDLE_LOADER = "$(TEST_HOST)";
				CODE_SIGN_STYLE = Automatic;
				CURRENT_PROJECT_VERSION = 1;
				DEVELOPMENT_TEAM = H26FYZ7CJ8;
				GENERATE_INFOPLIST_FILE = YES;
				IPHONEOS_DEPLOYMENT_TARGET = 16.2;
				MARKETING_VERSION = 1.0;
				PRODUCT_BUNDLE_IDENTIFIER = IU.HealthTrackerTests;
				PRODUCT_NAME = "$(TARGET_NAME)";
				SWIFT_EMIT_LOC_STRINGS = NO;
				SWIFT_VERSION = 5.0;
				TARGETED_DEVICE_FAMILY = "1,2";
				TEST_HOST = "$(BUILT_PRODUCTS_DIR)/HealthTracker.app/$(BUNDLE_EXECUTABLE_FOLDER_PATH)/HealthTracker";
			};
			name = Release;
		};
		43FE6A972972DF8C00C7D861 /* Debug */ = {
			isa = XCBuildConfiguration;
			buildSettings = {
				ALWAYS_EMBED_SWIFT_STANDARD_LIBRARIES = YES;
				CODE_SIGN_STYLE = Automatic;
				CURRENT_PROJECT_VERSION = 1;
				DEVELOPMENT_TEAM = H26FYZ7CJ8;
				GENERATE_INFOPLIST_FILE = YES;
				MARKETING_VERSION = 1.0;
				PRODUCT_BUNDLE_IDENTIFIER = IU.HealthTrackerUITests;
				PRODUCT_NAME = "$(TARGET_NAME)";
				SWIFT_EMIT_LOC_STRINGS = NO;
				SWIFT_VERSION = 5.0;
				TARGETED_DEVICE_FAMILY = "1,2";
				TEST_TARGET_NAME = HealthTracker;
			};
			name = Debug;
		};
		43FE6A982972DF8C00C7D861 /* Release */ = {
			isa = XCBuildConfiguration;
			buildSettings = {
				ALWAYS_EMBED_SWIFT_STANDARD_LIBRARIES = YES;
				CODE_SIGN_STYLE = Automatic;
				CURRENT_PROJECT_VERSION = 1;
				DEVELOPMENT_TEAM = H26FYZ7CJ8;
				GENERATE_INFOPLIST_FILE = YES;
				MARKETING_VERSION = 1.0;
				PRODUCT_BUNDLE_IDENTIFIER = IU.HealthTrackerUITests;
				PRODUCT_NAME = "$(TARGET_NAME)";
				SWIFT_EMIT_LOC_STRINGS = NO;
				SWIFT_VERSION = 5.0;
				TARGETED_DEVICE_FAMILY = "1,2";
				TEST_TARGET_NAME = HealthTracker;
			};
			name = Release;
		};
/* End XCBuildConfiguration section */

/* Begin XCConfigurationList section */
		43FE6A672972DF8B00C7D861 /* Build configuration list for PBXProject "HealthTracker" */ = {
			isa = XCConfigurationList;
			buildConfigurations = (
				43FE6A8E2972DF8C00C7D861 /* Debug */,
				43FE6A8F2972DF8C00C7D861 /* Release */,
			);
			defaultConfigurationIsVisible = 0;
			defaultConfigurationName = Release;
		};
		43FE6A902972DF8C00C7D861 /* Build configuration list for PBXNativeTarget "HealthTracker" */ = {
			isa = XCConfigurationList;
			buildConfigurations = (
				43FE6A912972DF8C00C7D861 /* Debug */,
				43FE6A922972DF8C00C7D861 /* Release */,
			);
			defaultConfigurationIsVisible = 0;
			defaultConfigurationName = Release;
		};
		43FE6A932972DF8C00C7D861 /* Build configuration list for PBXNativeTarget "HealthTrackerTests" */ = {
			isa = XCConfigurationList;
			buildConfigurations = (
				43FE6A942972DF8C00C7D861 /* Debug */,
				43FE6A952972DF8C00C7D861 /* Release */,
			);
			defaultConfigurationIsVisible = 0;
			defaultConfigurationName = Release;
		};
		43FE6A962972DF8C00C7D861 /* Build configuration list for PBXNativeTarget "HealthTrackerUITests" */ = {
			isa = XCConfigurationList;
			buildConfigurations = (
				43FE6A972972DF8C00C7D861 /* Debug */,
				43FE6A982972DF8C00C7D861 /* Release */,
			);
			defaultConfigurationIsVisible = 0;
			defaultConfigurationName = Release;
		};
/* End XCConfigurationList section */
	};
	rootObject = 43FE6A642972DF8B00C7D861 /* Project object */;
}
